packages:
  - name: twitter_ads
    package: fivetran/twitter_ads
    version: 0.10.0
  - name: twitter_ads_source
    package: fivetran/twitter_ads_source
    version: 0.10.1
  - name: fivetran_utils
    package: fivetran/fivetran_utils
    version: 0.4.10
  - name: spark_utils
    package: dbt-labs/spark_utils
    version: 0.3.0
  - name: dbt_utils
    package: dbt-labs/dbt_utils
    version: 1.3.0
sha1_hash: 8d1216d55646015fdc8f11c586576562f8e20aaf
